
Microsoft Visual Studio Solution File, Format Version 12.00
# Visual Studio Version 17
VisualStudioVersion = 17.14.36327.8 d17.14
MinimumVisualStudioVersion = 10.0.40219.1
Project("{FAE04EC0-301F-11D3-BF4B-00C04F79EFBC}") = "MinhaLoja", "MinhaLoja\MinhaLoja.csproj", "{BC9FFE25-89AE-415C-8AAA-53BCAD909FE2}"
EndProject
Project("{FAE04EC0-301F-11D3-BF4B-00C04F79EFBC}") = "MinhaLoja.Core", "MinhaLoja.Core\MinhaLoja.Core.csproj", "{C079AC75-DB52-48F7-A678-4458B5486F28}"
EndProject
Project("{FAE04EC0-301F-11D3-BF4B-00C04F79EFBC}") = "MinhaLoja.Infrastructure", "MinhaLoja.Infrastructure\MinhaLoja.Infrastructure.csproj", "{D75600FE-5B06-4E43-B95E-642BF80B7765}"
EndProject
Global
	GlobalSection(SolutionConfigurationPlatforms) = preSolution
		Debug|Any CPU = Debug|Any CPU
		Release|Any CPU = Release|Any CPU
	EndGlobalSection
	GlobalSection(ProjectConfigurationPlatforms) = postSolution
		{BC9FFE25-89AE-415C-8AAA-53BCAD909FE2}.Debug|Any CPU.ActiveCfg = Debug|Any CPU
		{BC9FFE25-89AE-415C-8AAA-53BCAD909FE2}.Debug|Any CPU.Build.0 = Debug|Any CPU
		{BC9FFE25-89AE-415C-8AAA-53BCAD909FE2}.Release|Any CPU.ActiveCfg = Release|Any CPU
		{BC9FFE25-89AE-415C-8AAA-53BCAD909FE2}.Release|Any CPU.Build.0 = Release|Any CPU
		{C079AC75-DB52-48F7-A678-4458B5486F28}.Debug|Any CPU.ActiveCfg = Debug|Any CPU
		{C079AC75-DB52-48F7-A678-4458B5486F28}.Debug|Any CPU.Build.0 = Debug|Any CPU
		{C079AC75-DB52-48F7-A678-4458B5486F28}.Release|Any CPU.ActiveCfg = Release|Any CPU
		{C079AC75-DB52-48F7-A678-4458B5486F28}.Release|Any CPU.Build.0 = Release|Any CPU
		{D75600FE-5B06-4E43-B95E-642BF80B7765}.Debug|Any CPU.ActiveCfg = Debug|Any CPU
		{D75600FE-5B06-4E43-B95E-642BF80B7765}.Debug|Any CPU.Build.0 = Debug|Any CPU
		{D75600FE-5B06-4E43-B95E-642BF80B7765}.Release|Any CPU.ActiveCfg = Release|Any CPU
		{D75600FE-5B06-4E43-B95E-642BF80B7765}.Release|Any CPU.Build.0 = Release|Any CPU
	EndGlobalSection
	GlobalSection(SolutionProperties) = preSolution
		HideSolutionNode = FALSE
	EndGlobalSection
	GlobalSection(ExtensibilityGlobals) = postSolution
		SolutionGuid = {BEDF3B2E-9421-4356-92F6-DC32710448AE}
	EndGlobalSection
EndGlobal
